uuid: d5a1a21e-6720-4cf8-8bf2-f5e35a11c58d
langcode: en
status: true
dependencies:
  module:
    - myblock
  theme:
    - bartik
id: myblock
theme: bartik
region: sidebar_second
weight: 0
provider: null
plugin: myblock
settings:
  id: myblock
  label: 'My block'
  provider: myblock
  label_display: visible
visibility: {  }
